
Microsoft Visual Studio Solution File, Format Version 12.00
# Visual Studio Version 17
VisualStudioVersion = 17.10.34902.84
MinimumVisualStudioVersion = 10.0.40219.1
Project("{FAE04EC0-301F-11D3-BF4B-00C04F79EFBC}") = "Sumofoddnums", "Sumofoddnums\Sumofoddnums.csproj", "{E090BB16-3B52-4347-94EE-1D4BF2EE38BF}"
EndProject
Global
	GlobalSection(SolutionConfigurationPlatforms) = preSolution
		Debug|Any CPU = Debug|Any CPU
		Release|Any CPU = Release|Any CPU
	EndGlobalSection
	GlobalSection(ProjectConfigurationPlatforms) = postSolution
		{E090BB16-3B52-4347-94EE-1D4BF2EE38BF}.Debug|Any CPU.ActiveCfg = Debug|Any CPU
		{E090BB16-3B52-4347-94EE-1D4BF2EE38BF}.Debug|Any CPU.Build.0 = Debug|Any CPU
		{E090BB16-3B52-4347-94EE-1D4BF2EE38BF}.Release|Any CPU.ActiveCfg = Release|Any CPU
		{E090BB16-3B52-4347-94EE-1D4BF2EE38BF}.Release|Any CPU.Build.0 = Release|Any CPU
	EndGlobalSection
	GlobalSection(SolutionProperties) = preSolution
		HideSolutionNode = FALSE
	EndGlobalSection
	GlobalSection(ExtensibilityGlobals) = postSolution
		SolutionGuid = {A1595877-D19C-4E0A-B6DA-339330B49890}
	EndGlobalSection
EndGlobal
